
Microsoft Visual Studio Solution File, Format Version 12.00
# Visual Studio 2013
VisualStudioVersion = 12.0.31101.0
MinimumVisualStudioVersion = 10.0.40219.1
Project("{8BC9CEB8-8B4A-11D0-8D11-00A0C91BC942}") = "StreamData.Working", "StreamData.Working\StreamData.Working.vcxproj", "{2EE0ABD6-5C26-4268-9843-44C539174760}"
EndProject
Project("{8BC9CEB8-8B4A-11D0-8D11-00A0C91BC942}") = "BasicUsageEnvironment", "BasicUsageEnvironment\BasicUsageEnvironment.vcxproj", "{D1FB129C-EBDC-40F4-9674-9DF43A8D5BDC}"
EndProject
Project("{8BC9CEB8-8B4A-11D0-8D11-00A0C91BC942}") = "groupsock", "groupsock\groupsock.vcxproj", "{48BD4F06-B031-4E19-B0CE-4DFBDC00BD83}"
EndProject
Project("{8BC9CEB8-8B4A-11D0-8D11-00A0C91BC942}") = "liveMedia", "liveMedia\liveMedia.vcxproj", "{0F0165C3-A991-4DCF-AA23-B31B9FBB543F}"
EndProject
Project("{8BC9CEB8-8B4A-11D0-8D11-00A0C91BC942}") = "UsageEnvironment", "UsageEnvironment\UsageEnvironment.vcxproj", "{6860163B-D7CA-43CC-9888-0BD59FD9CB91}"
EndProject
Global
	GlobalSection(SolutionConfigurationPlatforms) = preSolution
		Debug|Win32 = Debug|Win32
		Release|Win32 = Release|Win32
	EndGlobalSection
	GlobalSection(ProjectConfigurationPlatforms) = postSolution
		{2EE0ABD6-5C26-4268-9843-44C539174760}.Debug|Win32.ActiveCfg = Debug|Win32
		{2EE0ABD6-5C26-4268-9843-44C539174760}.Debug|Win32.Build.0 = Debug|Win32
		{2EE0ABD6-5C26-4268-9843-44C539174760}.Release|Win32.ActiveCfg = Release|Win32
		{2EE0ABD6-5C26-4268-9843-44C539174760}.Release|Win32.Build.0 = Release|Win32
		{D1FB129C-EBDC-40F4-9674-9DF43A8D5BDC}.Debug|Win32.ActiveCfg = Debug|Win32
		{D1FB129C-EBDC-40F4-9674-9DF43A8D5BDC}.Debug|Win32.Build.0 = Debug|Win32
		{D1FB129C-EBDC-40F4-9674-9DF43A8D5BDC}.Release|Win32.ActiveCfg = Release|Win32
		{D1FB129C-EBDC-40F4-9674-9DF43A8D5BDC}.Release|Win32.Build.0 = Release|Win32
		{48BD4F06-B031-4E19-B0CE-4DFBDC00BD83}.Debug|Win32.ActiveCfg = Debug|Win32
		{48BD4F06-B031-4E19-B0CE-4DFBDC00BD83}.Debug|Win32.Build.0 = Debug|Win32
		{48BD4F06-B031-4E19-B0CE-4DFBDC00BD83}.Release|Win32.ActiveCfg = Release|Win32
		{48BD4F06-B031-4E19-B0CE-4DFBDC00BD83}.Release|Win32.Build.0 = Release|Win32
		{0F0165C3-A991-4DCF-AA23-B31B9FBB543F}.Debug|Win32.ActiveCfg = Debug|Win32
		{0F0165C3-A991-4DCF-AA23-B31B9FBB543F}.Debug|Win32.Build.0 = Debug|Win32
		{0F0165C3-A991-4DCF-AA23-B31B9FBB543F}.Release|Win32.ActiveCfg = Release|Win32
		{0F0165C3-A991-4DCF-AA23-B31B9FBB543F}.Release|Win32.Build.0 = Release|Win32
		{6860163B-D7CA-43CC-9888-0BD59FD9CB91}.Debug|Win32.ActiveCfg = Debug|Win32
		{6860163B-D7CA-43CC-9888-0BD59FD9CB91}.Debug|Win32.Build.0 = Debug|Win32
		{6860163B-D7CA-43CC-9888-0BD59FD9CB91}.Release|Win32.ActiveCfg = Release|Win32
		{6860163B-D7CA-43CC-9888-0BD59FD9CB91}.Release|Win32.Build.0 = Release|Win32
	EndGlobalSection
	GlobalSection(SolutionProperties) = preSolution
		HideSolutionNode = FALSE
	EndGlobalSection
EndGlobal
